{
  "name": "kafka-incident-response",
  "version": "0.1.0",
  "lockfileVersion": 3,
  "requires": true,
  "packages": {
    "": {
      "name": "kafka-incident-response",
      "version": "0.1.0",
      "workspaces": [
        "apps/*",
        "packages/*"
      ],
      "engines": {
        "node": ">=20"
      }
    },
    "apps/consumer": {
      "name": "@kafka-incident-response/consumer",
      "version": "0.1.0"
    },
    "apps/control-api": {
      "name": "@kafka-incident-response/control-api",
      "version": "0.1.0"
    },
    "apps/producer": {
      "name": "@kafka-incident-response/producer",
      "version": "0.1.0",
      "dependencies": {
        "kafkajs": "^2.2.4"
      }
    },
    "node_modules/@kafka-incident-response/consumer": {
      "resolved": "apps/consumer",
      "link": true
    },
    "node_modules/@kafka-incident-response/control-api": {
      "resolved": "apps/control-api",
      "link": true
    },
    "node_modules/@kafka-incident-response/producer": {
      "resolved": "apps/producer",
      "link": true
    },
    "node_modules/@kafka-incident-response/shared": {
      "resolved": "packages/shared",
      "link": true
    },
    "node_modules/kafkajs": {
      "version": "2.2.4",
      "resolved": "https://registry.npmjs.org/kafkajs/-/kafkajs-2.2.4.tgz",
      "integrity": "sha512-j/YeapB1vfPT2iOIUn/vxdyKEuhuY2PxMBvf5JWux6iSaukAccrMtXEY/Lb7OvavDhOWME589bpLrEdnVHjfjA==",
      "license": "MIT",
      "engines": {
        "node": ">=14.0.0"
      }
    },
    "packages/shared": {
      "name": "@kafka-incident-response/shared",
      "version": "0.1.0"
    }
  }
}
